
Microsoft Visual Studio Solution File, Format Version 12.00
# Visual Studio Version 16
VisualStudioVersion = 16.0.31702.278
MinimumVisualStudioVersion = 10.0.40219.1
Project("{FAE04EC0-301F-11D3-BF4B-00C04F79EFBC}") = "IT2163Week14Lab", "IT2163Week14Lab\IT2163Week14Lab.csproj", "{19BF2BD6-6175-487A-95B9-38BF572BE025}"
EndProject
Global
	GlobalSection(SolutionConfigurationPlatforms) = preSolution
		Debug|Any CPU = Debug|Any CPU
		Release|Any CPU = Release|Any CPU
	EndGlobalSection
	GlobalSection(ProjectConfigurationPlatforms) = postSolution
		{19BF2BD6-6175-487A-95B9-38BF572BE025}.Debug|Any CPU.ActiveCfg = Debug|Any CPU
		{19BF2BD6-6175-487A-95B9-38BF572BE025}.Debug|Any CPU.Build.0 = Debug|Any CPU
		{19BF2BD6-6175-487A-95B9-38BF572BE025}.Release|Any CPU.ActiveCfg = Release|Any CPU
		{19BF2BD6-6175-487A-95B9-38BF572BE025}.Release|Any CPU.Build.0 = Release|Any CPU
	EndGlobalSection
	GlobalSection(SolutionProperties) = preSolution
		HideSolutionNode = FALSE
	EndGlobalSection
	GlobalSection(ExtensibilityGlobals) = postSolution
		SolutionGuid = {FDD4CEBB-4299-4D92-A147-4959FF399E4E}
	EndGlobalSection
EndGlobal
